
Microsoft Visual Studio Solution File, Format Version 12.00
# Visual Studio Version 17
VisualStudioVersion = 17.5.33530.505
MinimumVisualStudioVersion = 10.0.40219.1
Project("{FAE04EC0-301F-11D3-BF4B-00C04F79EFBC}") = "TravelManagement.Domain", "TravelManagement.Domain\TravelManagement.Domain.csproj", "{E40850D7-6348-4F8F-8502-A1CD9A7BD022}"
EndProject
Project("{2150E333-8FDC-42A3-9474-1A3956D46DE8}") = "Shared", "Shared", "{6A34CABE-8047-462D-8598-BB31E04DCFEF}"
EndProject
Project("{FAE04EC0-301F-11D3-BF4B-00C04F79EFBC}") = "TravelManagement.Shared.Abstractions", "Shared\TravelManagement.Shared.Abstractions\TravelManagement.Shared.Abstractions.csproj", "{B25043D1-44DA-4622-B4F4-EADE7F1C16E8}"
EndProject
Global
	GlobalSection(SolutionConfigurationPlatforms) = preSolution
		Debug|Any CPU = Debug|Any CPU
		Release|Any CPU = Release|Any CPU
	EndGlobalSection
	GlobalSection(ProjectConfigurationPlatforms) = postSolution
		{E40850D7-6348-4F8F-8502-A1CD9A7BD022}.Debug|Any CPU.ActiveCfg = Debug|Any CPU
		{E40850D7-6348-4F8F-8502-A1CD9A7BD022}.Debug|Any CPU.Build.0 = Debug|Any CPU
		{E40850D7-6348-4F8F-8502-A1CD9A7BD022}.Release|Any CPU.ActiveCfg = Release|Any CPU
		{E40850D7-6348-4F8F-8502-A1CD9A7BD022}.Release|Any CPU.Build.0 = Release|Any CPU
		{B25043D1-44DA-4622-B4F4-EADE7F1C16E8}.Debug|Any CPU.ActiveCfg = Debug|Any CPU
		{B25043D1-44DA-4622-B4F4-EADE7F1C16E8}.Debug|Any CPU.Build.0 = Debug|Any CPU
		{B25043D1-44DA-4622-B4F4-EADE7F1C16E8}.Release|Any CPU.ActiveCfg = Release|Any CPU
		{B25043D1-44DA-4622-B4F4-EADE7F1C16E8}.Release|Any CPU.Build.0 = Release|Any CPU
	EndGlobalSection
	GlobalSection(SolutionProperties) = preSolution
		HideSolutionNode = FALSE
	EndGlobalSection
	GlobalSection(NestedProjects) = preSolution
		{B25043D1-44DA-4622-B4F4-EADE7F1C16E8} = {6A34CABE-8047-462D-8598-BB31E04DCFEF}
	EndGlobalSection
	GlobalSection(ExtensibilityGlobals) = postSolution
		SolutionGuid = {6D814227-4B93-40C9-9B77-E01E1C558D6B}
	EndGlobalSection
EndGlobal
